
Microsoft Visual Studio Solution File, Format Version 12.00
# Visual Studio Version 17
VisualStudioVersion = 17.11.35222.181
MinimumVisualStudioVersion = 10.0.40219.1
Project("{FAE04EC0-301F-11D3-BF4B-00C04F79EFBC}") = "Tarea - Estructuras dinámicas líneales (Pilas y Colas)", "Tarea - Estructuras dinámicas líneales (Pilas y Colas).csproj", "{1256ED0C-F313-43D1-9ACD-D5C488D59198}"
EndProject
Global
	GlobalSection(SolutionConfigurationPlatforms) = preSolution
		Debug|Any CPU = Debug|Any CPU
		Release|Any CPU = Release|Any CPU
	EndGlobalSection
	GlobalSection(ProjectConfigurationPlatforms) = postSolution
		{1256ED0C-F313-43D1-9ACD-D5C488D59198}.Debug|Any CPU.ActiveCfg = Debug|Any CPU
		{1256ED0C-F313-43D1-9ACD-D5C488D59198}.Debug|Any CPU.Build.0 = Debug|Any CPU
		{1256ED0C-F313-43D1-9ACD-D5C488D59198}.Release|Any CPU.ActiveCfg = Release|Any CPU
		{1256ED0C-F313-43D1-9ACD-D5C488D59198}.Release|Any CPU.Build.0 = Release|Any CPU
	EndGlobalSection
	GlobalSection(SolutionProperties) = preSolution
		HideSolutionNode = FALSE
	EndGlobalSection
	GlobalSection(ExtensibilityGlobals) = postSolution
		SolutionGuid = {4F129792-6413-4FF9-9237-8B45FAC785D9}
	EndGlobalSection
EndGlobal
